
Microsoft Visual Studio Solution File, Format Version 12.00
# Visual Studio 15
VisualStudioVersion = 15.0.28307.489
MinimumVisualStudioVersion = 10.0.40219.1
Project("{9A19103F-16F7-4668-BE54-9A1E7A4F7556}") = "StudentExercises", "StudentExercises\StudentExercises.csproj", "{E58E0784-A7FC-44E3-A78F-AEF5A2484948}"
EndProject
Project("{FAE04EC0-301F-11D3-BF4B-00C04F79EFBC}") = "StudentExerciseAPI.Tests", "StudentExerciseAPI.Tests\StudentExerciseAPI.Tests.csproj", "{AFB2DDBA-B7EB-4F7D-AAEE-D22F0CA1EDFB}"
EndProject
Global
	GlobalSection(SolutionConfigurationPlatforms) = preSolution
		Debug|Any CPU = Debug|Any CPU
		Release|Any CPU = Release|Any CPU
	EndGlobalSection
	GlobalSection(ProjectConfigurationPlatforms) = postSolution
		{E58E0784-A7FC-44E3-A78F-AEF5A2484948}.Debug|Any CPU.ActiveCfg = Debug|Any CPU
		{E58E0784-A7FC-44E3-A78F-AEF5A2484948}.Debug|Any CPU.Build.0 = Debug|Any CPU
		{E58E0784-A7FC-44E3-A78F-AEF5A2484948}.Release|Any CPU.ActiveCfg = Release|Any CPU
		{E58E0784-A7FC-44E3-A78F-AEF5A2484948}.Release|Any CPU.Build.0 = Release|Any CPU
		{AFB2DDBA-B7EB-4F7D-AAEE-D22F0CA1EDFB}.Debug|Any CPU.ActiveCfg = Debug|Any CPU
		{AFB2DDBA-B7EB-4F7D-AAEE-D22F0CA1EDFB}.Debug|Any CPU.Build.0 = Debug|Any CPU
		{AFB2DDBA-B7EB-4F7D-AAEE-D22F0CA1EDFB}.Release|Any CPU.ActiveCfg = Release|Any CPU
		{AFB2DDBA-B7EB-4F7D-AAEE-D22F0CA1EDFB}.Release|Any CPU.Build.0 = Release|Any CPU
	EndGlobalSection
	GlobalSection(SolutionProperties) = preSolution
		HideSolutionNode = FALSE
	EndGlobalSection
	GlobalSection(ExtensibilityGlobals) = postSolution
		SolutionGuid = {69B712B0-C77C-4AB4-9186-0BCEE94A0B61}
	EndGlobalSection
EndGlobal
